{
  "name": "codekit-project",
  "version": "1.0.0",
  "lockfileVersion": 1,
  "requires": true,
  "dependencies": {
    "@fancyapps/ui": {
      "version": "4.0.26",
      "resolved": "https://registry.npmjs.org/@fancyapps/ui/-/ui-4.0.26.tgz",
      "integrity": "sha512-BcqK/lOMQ0IbR7DUcNK6olUCaOWlEqW7Oi3qdltur87zs6doFnno5fyKv9cDMRnuH4IxudU7Cz1zRzSUfsDWJA=="
    },
    "gsap": {
      "version": "file:gsap-bonus.tgz",
      "integrity": "sha512-ojXVAt6SdTIuKC+DYJVcDCjnRKPmu7f+VIOpXT2zmw/d6rYgPk1Fi7vG/YfJbMG7iWart3YBIOUbMx0prVBk9w=="
    }
  }
}
